
Microsoft Visual Studio Solution File, Format Version 12.00
# Visual Studio Version 17
VisualStudioVersion = 17.13.35825.156 d17.13
MinimumVisualStudioVersion = 10.0.40219.1
Project("{FAE04EC0-301F-11D3-BF4B-00C04F79EFBC}") = "IncomeTaxManagementSystem", "IncomeTaxManagementSystem.csproj", "{096D4B47-7BA0-4613-A61A-1D9551991126}"
EndProject
Global
	GlobalSection(SolutionConfigurationPlatforms) = preSolution
		Debug|Any CPU = Debug|Any CPU
		Release|Any CPU = Release|Any CPU
	EndGlobalSection
	GlobalSection(ProjectConfigurationPlatforms) = postSolution
		{096D4B47-7BA0-4613-A61A-1D9551991126}.Debug|Any CPU.ActiveCfg = Debug|Any CPU
		{096D4B47-7BA0-4613-A61A-1D9551991126}.Debug|Any CPU.Build.0 = Debug|Any CPU
		{096D4B47-7BA0-4613-A61A-1D9551991126}.Release|Any CPU.ActiveCfg = Release|Any CPU
		{096D4B47-7BA0-4613-A61A-1D9551991126}.Release|Any CPU.Build.0 = Release|Any CPU
	EndGlobalSection
	GlobalSection(SolutionProperties) = preSolution
		HideSolutionNode = FALSE
	EndGlobalSection
	GlobalSection(ExtensibilityGlobals) = postSolution
		SolutionGuid = {C3F90316-3507-489A-A01F-81C4E3225974}
	EndGlobalSection
EndGlobal
